// !$*UTF8*$!
{
	archiveVersion = 1;
	classes = {
	};
	objectVersion = 51;
	objects = {

/* Begin PBXBuildFile section */
		7624D95425179FC5002D0FE2 /* FavoriteScreenViewController.swift in Sources */ = {isa = PBXBuildFile; fileRef = 7624D95225179FC4002D0FE2 /* FavoriteScreenViewController.swift */; };
		7624D95525179FC5002D0FE2 /* FavoriteScreenViewController.xib in Resources */ = {isa = PBXBuildFile; fileRef = 7624D95325179FC4002D0FE2 /* FavoriteScreenViewController.xib */; };
		7624D9622518E40F002D0FE2 /* FavoriteManager.swift in Sources */ = {isa = PBXBuildFile; fileRef = 7624D9612518E40F002D0FE2 /* FavoriteManager.swift */; };
		7624D99B251C0FCE002D0FE2 /* TableHandler.swift in Sources */ = {isa = PBXBuildFile; fileRef = 7624D99A251C0FCE002D0FE2 /* TableHandler.swift */; };
		76428B742513FBD000651F35 /* Word.swift in Sources */ = {isa = PBXBuildFile; fileRef = 76428B732513FBD000651F35 /* Word.swift */; };
		76428B7C2513FC3F00651F35 /* KanjiData.swift in Sources */ = {isa = PBXBuildFile; fileRef = 76428B7B2513FC3F00651F35 /* KanjiData.swift */; };
		76428B812513FCBE00651F35 /* WordTests.swift in Sources */ = {isa = PBXBuildFile; fileRef = 76428B802513FCBD00651F35 /* WordTests.swift */; };
		767EAF94250FDD4E005CF533 /* AppDelegate.swift in Sources */ = {isa = PBXBuildFile; fileRef = 767EAF93250FDD4E005CF533 /* AppDelegate.swift */; };
		767EAF9D250FDD4F005CF533 /* Assets.xcassets in Resources */ = {isa = PBXBuildFile; fileRef = 767EAF9C250FDD4F005CF533 /* Assets.xcassets */; };
		767EAFA0250FDD4F005CF533 /* LaunchScreen.storyboard in Resources */ = {isa = PBXBuildFile; fileRef = 767EAF9E250FDD4F005CF533 /* LaunchScreen.storyboard */; };
		767EAFA8250FE043005CF533 /* Kanjis.swift in Sources */ = {isa = PBXBuildFile; fileRef = 767EAFA7250FE043005CF533 /* Kanjis.swift */; };
		767EAFAA250FE1FA005CF533 /* jlptn5Kanjis.json in Resources */ = {isa = PBXBuildFile; fileRef = 767EAFA9250FE1FA005CF533 /* jlptn5Kanjis.json */; };
		767EAFAE250FEB5F005CF533 /* MainScreenViewController.swift in Sources */ = {isa = PBXBuildFile; fileRef = 767EAFAC250FEB5F005CF533 /* MainScreenViewController.swift */; };
		767EAFB8250FED83005CF533 /* Kanji100Tests.swift in Sources */ = {isa = PBXBuildFile; fileRef = 767EAFB7250FED83005CF533 /* Kanji100Tests.swift */; };
		767EAFC1250FEDEA005CF533 /* KanjiTests.swift in Sources */ = {isa = PBXBuildFile; fileRef = 767EAFC0250FEDEA005CF533 /* KanjiTests.swift */; };
		767EAFC4250FEE46005CF533 /* KanjiJson.swift in Sources */ = {isa = PBXBuildFile; fileRef = 767EAFC3250FEE46005CF533 /* KanjiJson.swift */; };
		767EAFC825100FE0005CF533 /* KanjiTableViewCell.swift in Sources */ = {isa = PBXBuildFile; fileRef = 767EAFC625100FE0005CF533 /* KanjiTableViewCell.swift */; };
		767EAFC925100FE0005CF533 /* KanjiTableViewCell.xib in Resources */ = {isa = PBXBuildFile; fileRef = 767EAFC725100FE0005CF533 /* KanjiTableViewCell.xib */; };
		767EAFCC25101F49005CF533 /* AiharaHudemojiKaisho3.00.ttf in Resources */ = {isa = PBXBuildFile; fileRef = 767EAFCB25101F48005CF533 /* AiharaHudemojiKaisho3.00.ttf */; };
		767EAFCE25104326005CF533 /* KanjisRepository.swift in Sources */ = {isa = PBXBuildFile; fileRef = 767EAFCD25104326005CF533 /* KanjisRepository.swift */; };
		767EAFD02511327F005CF533 /* MainScreenViewController.xib in Resources */ = {isa = PBXBuildFile; fileRef = 767EAFCF2511327F005CF533 /* MainScreenViewController.xib */; };
		7686B65F252272FB0088A304 /* GoogleService-Info.plist in Resources */ = {isa = PBXBuildFile; fileRef = 7686B65E252272FB0088A304 /* GoogleService-Info.plist */; };
		76A53E392515618A008DCAC6 /* PlaceholderTableViewCell.swift in Sources */ = {isa = PBXBuildFile; fileRef = 76A53E372515618A008DCAC6 /* PlaceholderTableViewCell.swift */; };
		76A53E3A2515618A008DCAC6 /* PlaceholderTableViewCell.xib in Resources */ = {isa = PBXBuildFile; fileRef = 76A53E382515618A008DCAC6 /* PlaceholderTableViewCell.xib */; };
		76C3CF03251D649B00A1B579 /* MainScreenModel.swift in Sources */ = {isa = PBXBuildFile; fileRef = 76C3CF02251D649B00A1B579 /* MainScreenModel.swift */; };
		76C3CF09251D67BB00A1B579 /* FavoriteScreenModel.swift in Sources */ = {isa = PBXBuildFile; fileRef = 76C3CF08251D67BB00A1B579 /* FavoriteScreenModel.swift */; };
		76C3CF11251D715A00A1B579 /* Kanji.swift in Sources */ = {isa = PBXBuildFile; fileRef = 76C3CF10251D715A00A1B579 /* Kanji.swift */; };
		EEF2B61642F22FF97CE6E6DF /* Pods_Kanji100Tests.framework in Frameworks */ = {isa = PBXBuildFile; fileRef = 0873EFB98EA39E1756F811CB /* Pods_Kanji100Tests.framework */; };
		FE4700B9858CA83C77F00685 /* Pods_Kanji100.framework in Frameworks */ = {isa = PBXBuildFile; fileRef = C1A870B6F1D4DD16377E0CD8 /* Pods_Kanji100.framework */; };
/* End PBXBuildFile section */

/* Begin PBXContainerItemProxy section */
		767EAFBA250FED83005CF533 /* PBXContainerItemProxy */ = {
			isa = PBXContainerItemProxy;
			containerPortal = 767EAF88250FDD4E005CF533 /* Project object */;
			proxyType = 1;
			remoteGlobalIDString = 767EAF8F250FDD4E005CF533;
			remoteInfo = Kanji100;
		};
/* End PBXContainerItemProxy section */

/* Begin PBXFileReference section */
		0873EFB98EA39E1756F811CB /* Pods_Kanji100Tests.framework */ = {isa = PBXFileReference; explicitFileType = wrapper.framework; includeInIndex = 0; path = Pods_Kanji100Tests.framework; sourceTree = BUILT_PRODUCTS_DIR; };
		1F1C50C6CAE6041F2619E473 /* Pods-Kanji100Tests.release.xcconfig */ = {isa = PBXFileReference; includeInIndex = 1; lastKnownFileType = text.xcconfig; name = "Pods-Kanji100Tests.release.xcconfig"; path = "Target Support Files/Pods-Kanji100Tests/Pods-Kanji100Tests.release.xcconfig"; sourceTree = "<group>"; };
		7624D95225179FC4002D0FE2 /* FavoriteScreenViewController.swift */ = {isa = PBXFileReference; lastKnownFileType = sourcecode.swift; path = FavoriteScreenViewController.swift; sourceTree = "<group>"; };
		7624D95325179FC4002D0FE2 /* FavoriteScreenViewController.xib */ = {isa = PBXFileReference; lastKnownFileType = file.xib; path = FavoriteScreenViewController.xib; sourceTree = "<group>"; };
		7624D9612518E40F002D0FE2 /* FavoriteManager.swift */ = {isa = PBXFileReference; lastKnownFileType = sourcecode.swift; path = FavoriteManager.swift; sourceTree = "<group>"; };
		7624D99A251C0FCE002D0FE2 /* TableHandler.swift */ = {isa = PBXFileReference; lastKnownFileType = sourcecode.swift; path = TableHandler.swift; sourceTree = "<group>"; };
		76428B732513FBD000651F35 /* Word.swift */ = {isa = PBXFileReference; lastKnownFileType = sourcecode.swift; path = Word.swift; sourceTree = "<group>"; };
		76428B7B2513FC3F00651F35 /* KanjiData.swift */ = {isa = PBXFileReference; lastKnownFileType = sourcecode.swift; path = KanjiData.swift; sourceTree = "<group>"; };
		76428B802513FCBD00651F35 /* WordTests.swift */ = {isa = PBXFileReference; lastKnownFileType = sourcecode.swift; path = WordTests.swift; sourceTree = "<group>"; };
		767EAF90250FDD4E005CF533 /* Kanji100.app */ = {isa = PBXFileReference; explicitFileType = wrapper.application; includeInIndex = 0; path = Kanji100.app; sourceTree = BUILT_PRODUCTS_DIR; };
		767EAF93250FDD4E005CF533 /* AppDelegate.swift */ = {isa = PBXFileReference; lastKnownFileType = sourcecode.swift; path = AppDelegate.swift; sourceTree = "<group>"; };
		767EAF9C250FDD4F005CF533 /* Assets.xcassets */ = {isa = PBXFileReference; lastKnownFileType = folder.assetcatalog; path = Assets.xcassets; sourceTree = "<group>"; };
		767EAF9F250FDD4F005CF533 /* Base */ = {isa = PBXFileReference; lastKnownFileType = file.storyboard; name = Base; path = Base.lproj/LaunchScreen.storyboard; sourceTree = "<group>"; };
		767EAFA1250FDD4F005CF533 /* Info.plist */ = {isa = PBXFileReference; lastKnownFileType = text.plist.xml; path = Info.plist; sourceTree = "<group>"; };
		767EAFA7250FE043005CF533 /* Kanjis.swift */ = {isa = PBXFileReference; lastKnownFileType = sourcecode.swift; path = Kanjis.swift; sourceTree = "<group>"; };
		767EAFA9250FE1FA005CF533 /* jlptn5Kanjis.json */ = {isa = PBXFileReference; lastKnownFileType = text.json; path = jlptn5Kanjis.json; sourceTree = "<group>"; };
		767EAFAC250FEB5F005CF533 /* MainScreenViewController.swift */ = {isa = PBXFileReference; lastKnownFileType = sourcecode.swift; path = MainScreenViewController.swift; sourceTree = "<group>"; };
		767EAFB5250FED83005CF533 /* Kanji100Tests.xctest */ = {isa = PBXFileReference; explicitFileType = wrapper.cfbundle; includeInIndex = 0; path = Kanji100Tests.xctest; sourceTree = BUILT_PRODUCTS_DIR; };
		767EAFB7250FED83005CF533 /* Kanji100Tests.swift */ = {isa = PBXFileReference; lastKnownFileType = sourcecode.swift; path = Kanji100Tests.swift; sourceTree = "<group>"; };
		767EAFB9250FED83005CF533 /* Info.plist */ = {isa = PBXFileReference; lastKnownFileType = text.plist.xml; path = Info.plist; sourceTree = "<group>"; };
		767EAFC0250FEDEA005CF533 /* KanjiTests.swift */ = {isa = PBXFileReference; lastKnownFileType = sourcecode.swift; path = KanjiTests.swift; sourceTree = "<group>"; };
		767EAFC3250FEE46005CF533 /* KanjiJson.swift */ = {isa = PBXFileReference; lastKnownFileType = sourcecode.swift; path = KanjiJson.swift; sourceTree = "<group>"; };
		767EAFC625100FE0005CF533 /* KanjiTableViewCell.swift */ = {isa = PBXFileReference; lastKnownFileType = sourcecode.swift; path = KanjiTableViewCell.swift; sourceTree = "<group>"; };
		767EAFC725100FE0005CF533 /* KanjiTableViewCell.xib */ = {isa = PBXFileReference; lastKnownFileType = file.xib; path = KanjiTableViewCell.xib; sourceTree = "<group>"; };
		767EAFCB25101F48005CF533 /* AiharaHudemojiKaisho3.00.ttf */ = {isa = PBXFileReference; lastKnownFileType = file; path = AiharaHudemojiKaisho3.00.ttf; sourceTree = "<group>"; };
		767EAFCD25104326005CF533 /* KanjisRepository.swift */ = {isa = PBXFileReference; lastKnownFileType = sourcecode.swift; path = KanjisRepository.swift; sourceTree = "<group>"; };
		767EAFCF2511327F005CF533 /* MainScreenViewController.xib */ = {isa = PBXFileReference; lastKnownFileType = file.xib; path = MainScreenViewController.xib; sourceTree = "<group>"; };
		7686B65E252272FB0088A304 /* GoogleService-Info.plist */ = {isa = PBXFileReference; fileEncoding = 4; lastKnownFileType = text.plist.xml; path = "GoogleService-Info.plist"; sourceTree = "<group>"; };
		76A53E372515618A008DCAC6 /* PlaceholderTableViewCell.swift */ = {isa = PBXFileReference; lastKnownFileType = sourcecode.swift; path = PlaceholderTableViewCell.swift; sourceTree = "<group>"; };
		76A53E382515618A008DCAC6 /* PlaceholderTableViewCell.xib */ = {isa = PBXFileReference; lastKnownFileType = file.xib; path = PlaceholderTableViewCell.xib; sourceTree = "<group>"; };
		76C3CF02251D649B00A1B579 /* MainScreenModel.swift */ = {isa = PBXFileReference; lastKnownFileType = sourcecode.swift; path = MainScreenModel.swift; sourceTree = "<group>"; };
		76C3CF08251D67BB00A1B579 /* FavoriteScreenModel.swift */ = {isa = PBXFileReference; lastKnownFileType = sourcecode.swift; path = FavoriteScreenModel.swift; sourceTree = "<group>"; };
		76C3CF10251D715A00A1B579 /* Kanji.swift */ = {isa = PBXFileReference; lastKnownFileType = sourcecode.swift; path = Kanji.swift; sourceTree = "<group>"; };
		8B1CCB6A73D33199869C618D /* Pods-Kanji100Tests.debug.xcconfig */ = {isa = PBXFileReference; includeInIndex = 1; lastKnownFileType = text.xcconfig; name = "Pods-Kanji100Tests.debug.xcconfig"; path = "Target Support Files/Pods-Kanji100Tests/Pods-Kanji100Tests.debug.xcconfig"; sourceTree = "<group>"; };
		A6C72522B1D77CF841679B1D /* Pods-Kanji100.release.xcconfig */ = {isa = PBXFileReference; includeInIndex = 1; lastKnownFileType = text.xcconfig; name = "Pods-Kanji100.release.xcconfig"; path = "Target Support Files/Pods-Kanji100/Pods-Kanji100.release.xcconfig"; sourceTree = "<group>"; };
		AD33FC65488BC07998676806 /* Pods-Kanji100.debug.xcconfig */ = {isa = PBXFileReference; includeInIndex = 1; lastKnownFileType = text.xcconfig; name = "Pods-Kanji100.debug.xcconfig"; path = "Target Support Files/Pods-Kanji100/Pods-Kanji100.debug.xcconfig"; sourceTree = "<group>"; };
		C1A870B6F1D4DD16377E0CD8 /* Pods_Kanji100.framework */ = {isa = PBXFileReference; explicitFileType = wrapper.framework; includeInIndex = 0; path = Pods_Kanji100.framework; sourceTree = BUILT_PRODUCTS_DIR; };
/* End PBXFileReference section */

/* Begin PBXFrameworksBuildPhase section */
		767EAF8D250FDD4E005CF533 /* Frameworks */ = {
			isa = PBXFrameworksBuildPhase;
			buildActionMask = 2147483647;
			files = (
				FE4700B9858CA83C77F00685 /* Pods_Kanji100.framework in Frameworks */,
			);
			runOnlyForDeploymentPostprocessing = 0;
		};
		767EAFB2250FED83005CF533 /* Frameworks */ = {
			isa = PBXFrameworksBuildPhase;
			buildActionMask = 2147483647;
			files = (
				EEF2B61642F22FF97CE6E6DF /* Pods_Kanji100Tests.framework in Frameworks */,
			);
			runOnlyForDeploymentPostprocessing = 0;
		};
/* End PBXFrameworksBuildPhase section */

/* Begin PBXGroup section */
		7624D95125179FA4002D0FE2 /* FavoriteScreen */ = {
			isa = PBXGroup;
			children = (
				7624D95225179FC4002D0FE2 /* FavoriteScreenViewController.swift */,
				7624D95325179FC4002D0FE2 /* FavoriteScreenViewController.xib */,
				76C3CF08251D67BB00A1B579 /* FavoriteScreenModel.swift */,
			);
			path = FavoriteScreen;
			sourceTree = "<group>";
		};
		7624D997251C0F64002D0FE2 /* Scenes */ = {
			isa = PBXGroup;
			children = (
				767EAFB0250FECEA005CF533 /* MainScreen */,
				7624D95125179FA4002D0FE2 /* FavoriteScreen */,
			);
			path = Scenes;
			sourceTree = "<group>";
		};
		7624D998251C0F8C002D0FE2 /* Components */ = {
			isa = PBXGroup;
			children = (
				7624D999251C0F97002D0FE2 /* TableHandler */,
			);
			path = Components;
			sourceTree = "<group>";
		};
		7624D999251C0F97002D0FE2 /* TableHandler */ = {
			isa = PBXGroup;
			children = (
				7624D99A251C0FCE002D0FE2 /* TableHandler.swift */,
			);
			path = TableHandler;
			sourceTree = "<group>";
		};
		76428B7F2513FC5200651F35 /* Repository */ = {
			isa = PBXGroup;
			children = (
				767EAFCD25104326005CF533 /* KanjisRepository.swift */,
			);
			path = Repository;
			sourceTree = "<group>";
		};
		767EAF87250FDD4E005CF533 = {
			isa = PBXGroup;
			children = (
				767EAF92250FDD4E005CF533 /* Kanji100 */,
				767EAFB6250FED83005CF533 /* Kanji100Tests */,
				767EAF91250FDD4E005CF533 /* Products */,
				C8506CA642B50EB5984C5C74 /* Pods */,
				E63FFCF9AFA3E19CD63FE315 /* Frameworks */,
			);
			sourceTree = "<group>";
		};
		767EAF91250FDD4E005CF533 /* Products */ = {
			isa = PBXGroup;
			children = (
				767EAF90250FDD4E005CF533 /* Kanji100.app */,
				767EAFB5250FED83005CF533 /* Kanji100Tests.xctest */,
			);
			name = Products;
			sourceTree = "<group>";
		};
		767EAF92250FDD4E005CF533 /* Kanji100 */ = {
			isa = PBXGroup;
			children = (
				767EAF93250FDD4E005CF533 /* AppDelegate.swift */,
				7624D998251C0F8C002D0FE2 /* Components */,
				7624D997251C0F64002D0FE2 /* Scenes */,
				76428B7F2513FC5200651F35 /* Repository */,
				767EAFCA25101F1E005CF533 /* Resources */,
				767EAFAB250FE953005CF533 /* Models */,
				767EAF9C250FDD4F005CF533 /* Assets.xcassets */,
				767EAF9E250FDD4F005CF533 /* LaunchScreen.storyboard */,
				767EAFA1250FDD4F005CF533 /* Info.plist */,
				7686B65E252272FB0088A304 /* GoogleService-Info.plist */,
			);
			path = Kanji100;
			sourceTree = "<group>";
		};
		767EAFAB250FE953005CF533 /* Models */ = {
			isa = PBXGroup;
			children = (
				76C3CF0D251D702B00A1B579 /* App */,
				76C3CF0C251D6FFB00A1B579 /* Domain */,
			);
			path = Models;
			sourceTree = "<group>";
		};
		767EAFB0250FECEA005CF533 /* MainScreen */ = {
			isa = PBXGroup;
			children = (
				767EAFC525100FB9005CF533 /* Cells */,
				767EAFAC250FEB5F005CF533 /* MainScreenViewController.swift */,
				767EAFCF2511327F005CF533 /* MainScreenViewController.xib */,
				76C3CF02251D649B00A1B579 /* MainScreenModel.swift */,
			);
			path = MainScreen;
			sourceTree = "<group>";
		};
		767EAFB6250FED83005CF533 /* Kanji100Tests */ = {
			isa = PBXGroup;
			children = (
				767EAFC2250FEE2E005CF533 /* Helpers */,
				767EAFBF250FEDAB005CF533 /* Model */,
				767EAFB7250FED83005CF533 /* Kanji100Tests.swift */,
				767EAFB9250FED83005CF533 /* Info.plist */,
			);
			path = Kanji100Tests;
			sourceTree = "<group>";
		};
		767EAFBF250FEDAB005CF533 /* Model */ = {
			isa = PBXGroup;
			children = (
				767EAFC0250FEDEA005CF533 /* KanjiTests.swift */,
				76428B802513FCBD00651F35 /* WordTests.swift */,
			);
			path = Model;
			sourceTree = "<group>";
		};
		767EAFC2250FEE2E005CF533 /* Helpers */ = {
			isa = PBXGroup;
			children = (
				767EAFC3250FEE46005CF533 /* KanjiJson.swift */,
			);
			path = Helpers;
			sourceTree = "<group>";
		};
		767EAFC525100FB9005CF533 /* Cells */ = {
			isa = PBXGroup;
			children = (
				767EAFC625100FE0005CF533 /* KanjiTableViewCell.swift */,
				767EAFC725100FE0005CF533 /* KanjiTableViewCell.xib */,
				76A53E372515618A008DCAC6 /* PlaceholderTableViewCell.swift */,
				76A53E382515618A008DCAC6 /* PlaceholderTableViewCell.xib */,
			);
			path = Cells;
			sourceTree = "<group>";
		};
		767EAFCA25101F1E005CF533 /* Resources */ = {
			isa = PBXGroup;
			children = (
				767EAFA9250FE1FA005CF533 /* jlptn5Kanjis.json */,
				767EAFCB25101F48005CF533 /* AiharaHudemojiKaisho3.00.ttf */,
			);
			path = Resources;
			sourceTree = "<group>";
		};
		76C3CF0C251D6FFB00A1B579 /* Domain */ = {
			isa = PBXGroup;
			children = (
				767EAFA7250FE043005CF533 /* Kanjis.swift */,
				76C3CF10251D715A00A1B579 /* Kanji.swift */,
				76428B732513FBD000651F35 /* Word.swift */,
				7624D9612518E40F002D0FE2 /* FavoriteManager.swift */,
			);
			path = Domain;
			sourceTree = "<group>";
		};
		76C3CF0D251D702B00A1B579 /* App */ = {
			isa = PBXGroup;
			children = (
				76428B7B2513FC3F00651F35 /* KanjiData.swift */,
			);
			path = App;
			sourceTree = "<group>";
		};
		C8506CA642B50EB5984C5C74 /* Pods */ = {
			isa = PBXGroup;
			children = (
				AD33FC65488BC07998676806 /* Pods-Kanji100.debug.xcconfig */,
				A6C72522B1D77CF841679B1D /* Pods-Kanji100.release.xcconfig */,
				8B1CCB6A73D33199869C618D /* Pods-Kanji100Tests.debug.xcconfig */,
				1F1C50C6CAE6041F2619E473 /* Pods-Kanji100Tests.release.xcconfig */,
			);
			path = Pods;
			sourceTree = "<group>";
		};
		E63FFCF9AFA3E19CD63FE315 /* Frameworks */ = {
			isa = PBXGroup;
			children = (
				C1A870B6F1D4DD16377E0CD8 /* Pods_Kanji100.framework */,
				0873EFB98EA39E1756F811CB /* Pods_Kanji100Tests.framework */,
			);
			name = Frameworks;
			sourceTree = "<group>";
		};
/* End PBXGroup section */

/* Begin PBXNativeTarget section */
		767EAF8F250FDD4E005CF533 /* Kanji100 */ = {
			isa = PBXNativeTarget;
			buildConfigurationList = 767EAFA4250FDD4F005CF533 /* Build configuration list for PBXNativeTarget "Kanji100" */;
			buildPhases = (
				7EEFBD62285A9811394AE4C0 /* [CP] Check Pods Manifest.lock */,
				767EAF8C250FDD4E005CF533 /* Sources */,
				767EAF8D250FDD4E005CF533 /* Frameworks */,
				767EAF8E250FDD4E005CF533 /* Resources */,
				1F7E55302AFD0CDB5A24308A /* [CP] Embed Pods Frameworks */,
				7686B672252274040088A304 /* ShellScript */,
			);
			buildRules = (
			);
			dependencies = (
			);
			name = Kanji100;
			productName = Kanji100;
			productReference = 767EAF90250FDD4E005CF533 /* Kanji100.app */;
			productType = "com.apple.product-type.application";
		};
		767EAFB4250FED83005CF533 /* Kanji100Tests */ = {
			isa = PBXNativeTarget;
			buildConfigurationList = 767EAFBC250FED83005CF533 /* Build configuration list for PBXNativeTarget "Kanji100Tests" */;
			buildPhases = (
				24FB85421280FB64CB12402E /* [CP] Check Pods Manifest.lock */,
				767EAFB1250FED83005CF533 /* Sources */,
				767EAFB2250FED83005CF533 /* Frameworks */,
				767EAFB3250FED83005CF533 /* Resources */,
			);
			buildRules = (
			);
			dependencies = (
				767EAFBB250FED83005CF533 /* PBXTargetDependency */,
			);
			name = Kanji100Tests;
			productName = Kanji100Tests;
			productReference = 767EAFB5250FED83005CF533 /* Kanji100Tests.xctest */;
			productType = "com.apple.product-type.bundle.unit-test";
		};
/* End PBXNativeTarget section */

/* Begin PBXProject section */
		767EAF88250FDD4E005CF533 /* Project object */ = {
			isa = PBXProject;
			attributes = {
				LastSwiftUpdateCheck = 1170;
				LastUpgradeCheck = 1200;
				ORGANIZATIONNAME = "Jéssica Trindade";
				TargetAttributes = {
					767EAF8F250FDD4E005CF533 = {
						CreatedOnToolsVersion = 11.7;
					};
					767EAFB4250FED83005CF533 = {
						CreatedOnToolsVersion = 11.7;
						TestTargetID = 767EAF8F250FDD4E005CF533;
					};
				};
			};
			buildConfigurationList = 767EAF8B250FDD4E005CF533 /* Build configuration list for PBXProject "Kanji100" */;
			compatibilityVersion = "Xcode 9.3";
			developmentRegion = en;
			hasScannedForEncodings = 0;
			knownRegions = (
				en,
				Base,
			);
			mainGroup = 767EAF87250FDD4E005CF533;
			productRefGroup = 767EAF91250FDD4E005CF533 /* Products */;
			projectDirPath = "";
			projectRoot = "";
			targets = (
				767EAF8F250FDD4E005CF533 /* Kanji100 */,
				767EAFB4250FED83005CF533 /* Kanji100Tests */,
			);
		};
/* End PBXProject section */

/* Begin PBXResourcesBuildPhase section */
		767EAF8E250FDD4E005CF533 /* Resources */ = {
			isa = PBXResourcesBuildPhase;
			buildActionMask = 2147483647;
			files = (
				7624D95525179FC5002D0FE2 /* FavoriteScreenViewController.xib in Resources */,
				767EAFA0250FDD4F005CF533 /* LaunchScreen.storyboard in Resources */,
				7686B65F252272FB0088A304 /* GoogleService-Info.plist in Resources */,
				767EAFCC25101F49005CF533 /* AiharaHudemojiKaisho3.00.ttf in Resources */,
				767EAF9D250FDD4F005CF533 /* Assets.xcassets in Resources */,
				767EAFC925100FE0005CF533 /* KanjiTableViewCell.xib in Resources */,
				76A53E3A2515618A008DCAC6 /* PlaceholderTableViewCell.xib in Resources */,
				767EAFAA250FE1FA005CF533 /* jlptn5Kanjis.json in Resources */,
				767EAFD02511327F005CF533 /* MainScreenViewController.xib in Resources */,
			);
			runOnlyForDeploymentPostprocessing = 0;
		};
		767EAFB3250FED83005CF533 /* Resources */ = {
			isa = PBXResourcesBuildPhase;
			buildActionMask = 2147483647;
			files = (
			);
			runOnlyForDeploymentPostprocessing = 0;
		};
/* End PBXResourcesBuildPhase section */

/* Begin PBXShellScriptBuildPhase section */
		1F7E55302AFD0CDB5A24308A /* [CP] Embed Pods Frameworks */ = {
			isa = PBXShellScriptBuildPhase;
			buildActionMask = 2147483647;
			files = (
			);
			inputFileListPaths = (
				"${PODS_ROOT}/Target Support Files/Pods-Kanji100/Pods-Kanji100-frameworks-${CONFIGURATION}-input-files.xcfilelist",
			);
			name = "[CP] Embed Pods Frameworks";
			outputFileListPaths = (
				"${PODS_ROOT}/Target Support Files/Pods-Kanji100/Pods-Kanji100-frameworks-${CONFIGURATION}-output-files.xcfilelist",
			);
			runOnlyForDeploymentPostprocessing = 0;
			shellPath = /bin/sh;
			shellScript = "\"${PODS_ROOT}/Target Support Files/Pods-Kanji100/Pods-Kanji100-frameworks.sh\"\n";
			showEnvVarsInLog = 0;
		};
		24FB85421280FB64CB12402E /* [CP] Check Pods Manifest.lock */ = {
			isa = PBXShellScriptBuildPhase;
			buildActionMask = 2147483647;
			files = (
			);
			inputFileListPaths = (
			);
			inputPaths = (
				"${PODS_PODFILE_DIR_PATH}/Podfile.lock",
				"${PODS_ROOT}/Manifest.lock",
			);
			name = "[CP] Check Pods Manifest.lock";
			outputFileListPaths = (
			);
			outputPaths = (
				"$(DERIVED_FILE_DIR)/Pods-Kanji100Tests-checkManifestLockResult.txt",
			);
			runOnlyForDeploymentPostprocessing = 0;
			shellPath = /bin/sh;
			shellScript = "diff \"${PODS_PODFILE_DIR_PATH}/Podfile.lock\" \"${PODS_ROOT}/Manifest.lock\" > /dev/null\nif [ $? != 0 ] ; then\n    # print error to STDERR\n    echo \"error: The sandbox is not in sync with the Podfile.lock. Run 'pod install' or update your CocoaPods installation.\" >&2\n    exit 1\nfi\n# This output is used by Xcode 'outputs' to avoid re-running this script phase.\necho \"SUCCESS\" > \"${SCRIPT_OUTPUT_FILE_0}\"\n";
			showEnvVarsInLog = 0;
		};
		7686B672252274040088A304 /* ShellScript */ = {
			isa = PBXShellScriptBuildPhase;
			buildActionMask = 2147483647;
			files = (
			);
			inputFileListPaths = (
			);
			inputPaths = (
			);
			outputFileListPaths = (
			);
			outputPaths = (
			);
			runOnlyForDeploymentPostprocessing = 0;
			shellPath = /bin/sh;
			shellScript = "\"${PODS_ROOT}/FirebaseCrashlytics/run\"\n";
		};
		7EEFBD62285A9811394AE4C0 /* [CP] Check Pods Manifest.lock */ = {
			isa = PBXShellScriptBuildPhase;
			buildActionMask = 2147483647;
			files = (
			);
			inputFileListPaths = (
			);
			inputPaths = (
				"${PODS_PODFILE_DIR_PATH}/Podfile.lock",
				"${PODS_ROOT}/Manifest.lock",
			);
			name = "[CP] Check Pods Manifest.lock";
			outputFileListPaths = (
			);
			outputPaths = (
				"$(DERIVED_FILE_DIR)/Pods-Kanji100-checkManifestLockResult.txt",
			);
			runOnlyForDeploymentPostprocessing = 0;
			shellPath = /bin/sh;
			shellScript = "diff \"${PODS_PODFILE_DIR_PATH}/Podfile.lock\" \"${PODS_ROOT}/Manifest.lock\" > /dev/null\nif [ $? != 0 ] ; then\n    # print error to STDERR\n    echo \"error: The sandbox is not in sync with the Podfile.lock. Run 'pod install' or update your CocoaPods installation.\" >&2\n    exit 1\nfi\n# This output is used by Xcode 'outputs' to avoid re-running this script phase.\necho \"SUCCESS\" > \"${SCRIPT_OUTPUT_FILE_0}\"\n";
			showEnvVarsInLog = 0;
		};
/* End PBXShellScriptBuildPhase section */

/* Begin PBXSourcesBuildPhase section */
		767EAF8C250FDD4E005CF533 /* Sources */ = {
			isa = PBXSourcesBuildPhase;
			buildActionMask = 2147483647;
			files = (
				767EAFA8250FE043005CF533 /* Kanjis.swift in Sources */,
				7624D95425179FC5002D0FE2 /* FavoriteScreenViewController.swift in Sources */,
				76428B742513FBD000651F35 /* Word.swift in Sources */,
				767EAFAE250FEB5F005CF533 /* MainScreenViewController.swift in Sources */,
				7624D9622518E40F002D0FE2 /* FavoriteManager.swift in Sources */,
				76428B7C2513FC3F00651F35 /* KanjiData.swift in Sources */,
				76C3CF03251D649B00A1B579 /* MainScreenModel.swift in Sources */,
				767EAFC825100FE0005CF533 /* KanjiTableViewCell.swift in Sources */,
				76C3CF09251D67BB00A1B579 /* FavoriteScreenModel.swift in Sources */,
				76A53E392515618A008DCAC6 /* PlaceholderTableViewCell.swift in Sources */,
				767EAFCE25104326005CF533 /* KanjisRepository.swift in Sources */,
				7624D99B251C0FCE002D0FE2 /* TableHandler.swift in Sources */,
				767EAF94250FDD4E005CF533 /* AppDelegate.swift in Sources */,
				76C3CF11251D715A00A1B579 /* Kanji.swift in Sources */,
			);
			runOnlyForDeploymentPostprocessing = 0;
		};
		767EAFB1250FED83005CF533 /* Sources */ = {
			isa = PBXSourcesBuildPhase;
			buildActionMask = 2147483647;
			files = (
				767EAFC4250FEE46005CF533 /* KanjiJson.swift in Sources */,
				76428B812513FCBE00651F35 /* WordTests.swift in Sources */,
				767EAFB8250FED83005CF533 /* Kanji100Tests.swift in Sources */,
				767EAFC1250FEDEA005CF533 /* KanjiTests.swift in Sources */,
			);
			runOnlyForDeploymentPostprocessing = 0;
		};
/* End PBXSourcesBuildPhase section */

/* Begin PBXTargetDependency section */
		767EAFBB250FED83005CF533 /* PBXTargetDependency */ = {
			isa = PBXTargetDependency;
			target = 767EAF8F250FDD4E005CF533 /* Kanji100 */;
			targetProxy = 767EAFBA250FED83005CF533 /* PBXContainerItemProxy */;
		};
/* End PBXTargetDependency section */

/* Begin PBXVariantGroup section */
		767EAF9E250FDD4F005CF533 /* LaunchScreen.storyboard */ = {
			isa = PBXVariantGroup;
			children = (
				767EAF9F250FDD4F005CF533 /* Base */,
			);
			name = LaunchScreen.storyboard;
			sourceTree = "<group>";
		};
/* End PBXVariantGroup section */

/* Begin XCBuildConfiguration section */
		767EAFA2250FDD4F005CF533 /* Debug */ = {
			isa = XCBuildConfiguration;
			buildSettings = {
				ALWAYS_SEARCH_USER_PATHS = NO;
				CLANG_ANALYZER_NONNULL = YES;
				CLANG_ANALYZER_NUMBER_OBJECT_CONVERSION = YES_AGGRESSIVE;
				CLANG_CXX_LANGUAGE_STANDARD = "gnu++14";
				CLANG_CXX_LIBRARY = "libc++";
				CLANG_ENABLE_MODULES = YES;
				CLANG_ENABLE_OBJC_ARC = YES;
				CLANG_ENABLE_OBJC_WEAK = YES;
				CLANG_WARN_BLOCK_CAPTURE_AUTORELEASING = YES;
				CLANG_WARN_BOOL_CONVERSION = YES;
				CLANG_WARN_COMMA = YES;
				CLANG_WARN_CONSTANT_CONVERSION = YES;
				CLANG_WARN_DEPRECATED_OBJC_IMPLEMENTATIONS = YES;
				CLANG_WARN_DIRECT_OBJC_ISA_USAGE = YES_ERROR;
				CLANG_WARN_DOCUMENTATION_COMMENTS = YES;
				CLANG_WARN_EMPTY_BODY = YES;
				CLANG_WARN_ENUM_CONVERSION = YES;
				CLANG_WARN_INFINITE_RECURSION = YES;
				CLANG_WARN_INT_CONVERSION = YES;
				CLANG_WARN_NON_LITERAL_NULL_CONVERSION = YES;
				CLANG_WARN_OBJC_IMPLICIT_RETAIN_SELF = YES;
				CLANG_WARN_OBJC_LITERAL_CONVERSION = YES;
				CLANG_WARN_OBJC_ROOT_CLASS = YES_ERROR;
				CLANG_WARN_QUOTED_INCLUDE_IN_FRAMEWORK_HEADER = YES;
				CLANG_WARN_RANGE_LOOP_ANALYSIS = YES;
				CLANG_WARN_STRICT_PROTOTYPES = YES;
				CLANG_WARN_SUSPICIOUS_MOVE = YES;
				CLANG_WARN_UNGUARDED_AVAILABILITY = YES_AGGRESSIVE;
				CLANG_WARN_UNREACHABLE_CODE = YES;
				CLANG_WARN__DUPLICATE_METHOD_MATCH = YES;
				COPY_PHASE_STRIP = NO;
				DEBUG_INFORMATION_FORMAT = dwarf;
				ENABLE_STRICT_OBJC_MSGSEND = YES;
				ENABLE_TESTABILITY = YES;
				GCC_C_LANGUAGE_STANDARD = gnu11;
				GCC_DYNAMIC_NO_PIC = NO;
				GCC_NO_COMMON_BLOCKS = YES;
				GCC_OPTIMIZATION_LEVEL = 0;
				GCC_PREPROCESSOR_DEFINITIONS = (
					"DEBUG=1",
					"$(inherited)",
				);
				GCC_WARN_64_TO_32_BIT_CONVERSION = YES;
				GCC_WARN_ABOUT_RETURN_TYPE = YES_ERROR;
				GCC_WARN_UNDECLARED_SELECTOR = YES;
				GCC_WARN_UNINITIALIZED_AUTOS = YES_AGGRESSIVE;
				GCC_WARN_UNUSED_FUNCTION = YES;
				GCC_WARN_UNUSED_VARIABLE = YES;
				IPHONEOS_DEPLOYMENT_TARGET = 13.7;
				MTL_ENABLE_DEBUG_INFO = INCLUDE_SOURCE;
				MTL_FAST_MATH = YES;
				ONLY_ACTIVE_ARCH = YES;
				SDKROOT = iphoneos;
				SWIFT_ACTIVE_COMPILATION_CONDITIONS = DEBUG;
				SWIFT_OPTIMIZATION_LEVEL = "-Onone";
			};
			name = Debug;
		};
		767EAFA3250FDD4F005CF533 /* Release */ = {
			isa = XCBuildConfiguration;
			buildSettings = {
				ALWAYS_SEARCH_USER_PATHS = NO;
				CLANG_ANALYZER_NONNULL = YES;
				CLANG_ANALYZER_NUMBER_OBJECT_CONVERSION = YES_AGGRESSIVE;
				CLANG_CXX_LANGUAGE_STANDARD = "gnu++14";
				CLANG_CXX_LIBRARY = "libc++";
				CLANG_ENABLE_MODULES = YES;
				CLANG_ENABLE_OBJC_ARC = YES;
				CLANG_ENABLE_OBJC_WEAK = YES;
				CLANG_WARN_BLOCK_CAPTURE_AUTORELEASING = YES;
				CLANG_WARN_BOOL_CONVERSION = YES;
				CLANG_WARN_COMMA = YES;
				CLANG_WARN_CONSTANT_CONVERSION = YES;
				CLANG_WARN_DEPRECATED_OBJC_IMPLEMENTATIONS = YES;
				CLANG_WARN_DIRECT_OBJC_ISA_USAGE = YES_ERROR;
				CLANG_WARN_DOCUMENTATION_COMMENTS = YES;
				CLANG_WARN_EMPTY_BODY = YES;
				CLANG_WARN_ENUM_CONVERSION = YES;
				CLANG_WARN_INFINITE_RECURSION = YES;
				CLANG_WARN_INT_CONVERSION = YES;
				CLANG_WARN_NON_LITERAL_NULL_CONVERSION = YES;
				CLANG_WARN_OBJC_IMPLICIT_RETAIN_SELF = YES;
				CLANG_WARN_OBJC_LITERAL_CONVERSION = YES;
				CLANG_WARN_OBJC_ROOT_CLASS = YES_ERROR;
				CLANG_WARN_QUOTED_INCLUDE_IN_FRAMEWORK_HEADER = YES;
				CLANG_WARN_RANGE_LOOP_ANALYSIS = YES;
				CLANG_WARN_STRICT_PROTOTYPES = YES;
				CLANG_WARN_SUSPICIOUS_MOVE = YES;
				CLANG_WARN_UNGUARDED_AVAILABILITY = YES_AGGRESSIVE;
				CLANG_WARN_UNREACHABLE_CODE = YES;
				CLANG_WARN__DUPLICATE_METHOD_MATCH = YES;
				COPY_PHASE_STRIP = NO;
				DEBUG_INFORMATION_FORMAT = "dwarf-with-dsym";
				ENABLE_NS_ASSERTIONS = NO;
				ENABLE_STRICT_OBJC_MSGSEND = YES;
				GCC_C_LANGUAGE_STANDARD = gnu11;
				GCC_NO_COMMON_BLOCKS = YES;
				GCC_WARN_64_TO_32_BIT_CONVERSION = YES;
				GCC_WARN_ABOUT_RETURN_TYPE = YES_ERROR;
				GCC_WARN_UNDECLARED_SELECTOR = YES;
				GCC_WARN_UNINITIALIZED_AUTOS = YES_AGGRESSIVE;
				GCC_WARN_UNUSED_FUNCTION = YES;
				GCC_WARN_UNUSED_VARIABLE = YES;
				IPHONEOS_DEPLOYMENT_TARGET = 13.7;
				MTL_ENABLE_DEBUG_INFO = NO;
				MTL_FAST_MATH = YES;
				SDKROOT = iphoneos;
				SWIFT_COMPILATION_MODE = wholemodule;
				SWIFT_OPTIMIZATION_LEVEL = "-O";
				VALIDATE_PRODUCT = YES;
			};
			name = Release;
		};
		767EAFA5250FDD4F005CF533 /* Debug */ = {
			isa = XCBuildConfiguration;
			baseConfigurationReference = AD33FC65488BC07998676806 /* Pods-Kanji100.debug.xcconfig */;
			buildSettings = {
				ASSETCATALOG_COMPILER_APPICON_NAME = AppIcon;
				CODE_SIGN_STYLE = Automatic;
				CURRENT_PROJECT_VERSION = 2;
				DEBUG_INFORMATION_FORMAT = "dwarf-with-dsym";
				DEVELOPMENT_TEAM = L442N5GXM2;
				INFOPLIST_FILE = Kanji100/Info.plist;
				LD_RUNPATH_SEARCH_PATHS = (
					"$(inherited)",
					"@executable_path/Frameworks",
				);
				PRODUCT_BUNDLE_IDENTIFIER = trindade.jessica.KanjiGuide;
				PRODUCT_NAME = "$(TARGET_NAME)";
				SWIFT_VERSION = 5.0;
				TARGETED_DEVICE_FAMILY = 1;
			};
			name = Debug;
		};
		767EAFA6250FDD4F005CF533 /* Release */ = {
			isa = XCBuildConfiguration;
			baseConfigurationReference = A6C72522B1D77CF841679B1D /* Pods-Kanji100.release.xcconfig */;
			buildSettings = {
				ASSETCATALOG_COMPILER_APPICON_NAME = AppIcon;
				CODE_SIGN_STYLE = Automatic;
				CURRENT_PROJECT_VERSION = 2;
				DEBUG_INFORMATION_FORMAT = "dwarf-with-dsym";
				DEVELOPMENT_TEAM = L442N5GXM2;
				INFOPLIST_FILE = Kanji100/Info.plist;
				LD_RUNPATH_SEARCH_PATHS = (
					"$(inherited)",
					"@executable_path/Frameworks",
				);
				PRODUCT_BUNDLE_IDENTIFIER = trindade.jessica.KanjiGuide;
				PRODUCT_NAME = "$(TARGET_NAME)";
				SWIFT_VERSION = 5.0;
				TARGETED_DEVICE_FAMILY = 1;
			};
			name = Release;
		};
		767EAFBD250FED83005CF533 /* Debug */ = {
			isa = XCBuildConfiguration;
			baseConfigurationReference = 8B1CCB6A73D33199869C618D /* Pods-Kanji100Tests.debug.xcconfig */;
			buildSettings = {
				BUNDLE_LOADER = "$(TEST_HOST)";
				CODE_SIGN_STYLE = Automatic;
				DEVELOPMENT_TEAM = L442N5GXM2;
				INFOPLIST_FILE = Kanji100Tests/Info.plist;
				LD_RUNPATH_SEARCH_PATHS = (
					"$(inherited)",
					"@executable_path/Frameworks",
					"@loader_path/Frameworks",
				);
				PRODUCT_BUNDLE_IDENTIFIER = trindade.jessica.Kanji100Tests;
				PRODUCT_NAME = "$(TARGET_NAME)";
				SWIFT_VERSION = 5.0;
				TARGETED_DEVICE_FAMILY = "1,2";
				TEST_HOST = "$(BUILT_PRODUCTS_DIR)/Kanji100.app/Kanji100";
			};
			name = Debug;
		};
		767EAFBE250FED83005CF533 /* Release */ = {
			isa = XCBuildConfiguration;
			baseConfigurationReference = 1F1C50C6CAE6041F2619E473 /* Pods-Kanji100Tests.release.xcconfig */;
			buildSettings = {
				BUNDLE_LOADER = "$(TEST_HOST)";
				CODE_SIGN_STYLE = Automatic;
				DEVELOPMENT_TEAM = L442N5GXM2;
				INFOPLIST_FILE = Kanji100Tests/Info.plist;
				LD_RUNPATH_SEARCH_PATHS = (
					"$(inherited)",
					"@executable_path/Frameworks",
					"@loader_path/Frameworks",
				);
				PRODUCT_BUNDLE_IDENTIFIER = trindade.jessica.Kanji100Tests;
				PRODUCT_NAME = "$(TARGET_NAME)";
				SWIFT_VERSION = 5.0;
				TARGETED_DEVICE_FAMILY = "1,2";
				TEST_HOST = "$(BUILT_PRODUCTS_DIR)/Kanji100.app/Kanji100";
			};
			name = Release;
		};
/* End XCBuildConfiguration section */

/* Begin XCConfigurationList section */
		767EAF8B250FDD4E005CF533 /* Build configuration list for PBXProject "Kanji100" */ = {
			isa = XCConfigurationList;
			buildConfigurations = (
				767EAFA2250FDD4F005CF533 /* Debug */,
				767EAFA3250FDD4F005CF533 /* Release */,
			);
			defaultConfigurationIsVisible = 0;
			defaultConfigurationName = Release;
		};
		767EAFA4250FDD4F005CF533 /* Build configuration list for PBXNativeTarget "Kanji100" */ = {
			isa = XCConfigurationList;
			buildConfigurations = (
				767EAFA5250FDD4F005CF533 /* Debug */,
				767EAFA6250FDD4F005CF533 /* Release */,
			);
			defaultConfigurationIsVisible = 0;
			defaultConfigurationName = Release;
		};
		767EAFBC250FED83005CF533 /* Build configuration list for PBXNativeTarget "Kanji100Tests" */ = {
			isa = XCConfigurationList;
			buildConfigurations = (
				767EAFBD250FED83005CF533 /* Debug */,
				767EAFBE250FED83005CF533 /* Release */,
			);
			defaultConfigurationIsVisible = 0;
			defaultConfigurationName = Release;
		};
/* End XCConfigurationList section */
	};
	rootObject = 767EAF88250FDD4E005CF533 /* Project object */;
}
