// !$*UTF8*$!
{
	archiveVersion = 1;
	classes = {
	};
	objectVersion = 50;
	objects = {

/* Begin PBXBuildFile section */
		7624D95425179FC5002D0FE2 /* FavoriteScreenViewController.swift in Sources */ = {isa = PBXBuildFile; fileRef = 7624D95225179FC4002D0FE2 /* FavoriteScreenViewController.swift */; };
		7624D95525179FC5002D0FE2 /* FavoriteScreenViewController.xib in Resources */ = {isa = PBXBuildFile; fileRef = 7624D95325179FC4002D0FE2 /* FavoriteScreenViewController.xib */; };
		7624D95B2517A013002D0FE2 /* FavoriteTableViewCell.swift in Sources */ = {isa = PBXBuildFile; fileRef = 7624D9592517A013002D0FE2 /* FavoriteTableViewCell.swift */; };
		7624D95C2517A013002D0FE2 /* FavoriteTableViewCell.xib in Resources */ = {isa = PBXBuildFile; fileRef = 7624D95A2517A013002D0FE2 /* FavoriteTableViewCell.xib */; };
		76428B742513FBD000651F35 /* Word.swift in Sources */ = {isa = PBXBuildFile; fileRef = 76428B732513FBD000651F35 /* Word.swift */; };
		76428B7C2513FC3F00651F35 /* Kanji.swift in Sources */ = {isa = PBXBuildFile; fileRef = 76428B7B2513FC3F00651F35 /* Kanji.swift */; };
		76428B812513FCBE00651F35 /* WordTests.swift in Sources */ = {isa = PBXBuildFile; fileRef = 76428B802513FCBD00651F35 /* WordTests.swift */; };
		767EAF94250FDD4E005CF533 /* AppDelegate.swift in Sources */ = {isa = PBXBuildFile; fileRef = 767EAF93250FDD4E005CF533 /* AppDelegate.swift */; };
		767EAF9D250FDD4F005CF533 /* Assets.xcassets in Resources */ = {isa = PBXBuildFile; fileRef = 767EAF9C250FDD4F005CF533 /* Assets.xcassets */; };
		767EAFA0250FDD4F005CF533 /* LaunchScreen.storyboard in Resources */ = {isa = PBXBuildFile; fileRef = 767EAF9E250FDD4F005CF533 /* LaunchScreen.storyboard */; };
		767EAFA8250FE043005CF533 /* Kanjis.swift in Sources */ = {isa = PBXBuildFile; fileRef = 767EAFA7250FE043005CF533 /* Kanjis.swift */; };
		767EAFAA250FE1FA005CF533 /* jlptn5Kanjis.json in Resources */ = {isa = PBXBuildFile; fileRef = 767EAFA9250FE1FA005CF533 /* jlptn5Kanjis.json */; };
		767EAFAE250FEB5F005CF533 /* MainScreenViewController.swift in Sources */ = {isa = PBXBuildFile; fileRef = 767EAFAC250FEB5F005CF533 /* MainScreenViewController.swift */; };
		767EAFB8250FED83005CF533 /* Kanji100Tests.swift in Sources */ = {isa = PBXBuildFile; fileRef = 767EAFB7250FED83005CF533 /* Kanji100Tests.swift */; };
		767EAFC1250FEDEA005CF533 /* KanjiTests.swift in Sources */ = {isa = PBXBuildFile; fileRef = 767EAFC0250FEDEA005CF533 /* KanjiTests.swift */; };
		767EAFC4250FEE46005CF533 /* KanjiJson.swift in Sources */ = {isa = PBXBuildFile; fileRef = 767EAFC3250FEE46005CF533 /* KanjiJson.swift */; };
		767EAFC825100FE0005CF533 /* KanjiTableViewCell.swift in Sources */ = {isa = PBXBuildFile; fileRef = 767EAFC625100FE0005CF533 /* KanjiTableViewCell.swift */; };
		767EAFC925100FE0005CF533 /* KanjiTableViewCell.xib in Resources */ = {isa = PBXBuildFile; fileRef = 767EAFC725100FE0005CF533 /* KanjiTableViewCell.xib */; };
		767EAFCC25101F49005CF533 /* AiharaHudemojiKaisho3.00.ttf in Resources */ = {isa = PBXBuildFile; fileRef = 767EAFCB25101F48005CF533 /* AiharaHudemojiKaisho3.00.ttf */; };
		767EAFCE25104326005CF533 /* KanjisRepository.swift in Sources */ = {isa = PBXBuildFile; fileRef = 767EAFCD25104326005CF533 /* KanjisRepository.swift */; };
		767EAFD02511327F005CF533 /* MainScreenViewController.xib in Resources */ = {isa = PBXBuildFile; fileRef = 767EAFCF2511327F005CF533 /* MainScreenViewController.xib */; };
		76A53E392515618A008DCAC6 /* PlaceholderTableViewCell.swift in Sources */ = {isa = PBXBuildFile; fileRef = 76A53E372515618A008DCAC6 /* PlaceholderTableViewCell.swift */; };
		76A53E3A2515618A008DCAC6 /* PlaceholderTableViewCell.xib in Resources */ = {isa = PBXBuildFile; fileRef = 76A53E382515618A008DCAC6 /* PlaceholderTableViewCell.xib */; };
		76EBA4C125140F990059C25B /* WordsFilter.swift in Sources */ = {isa = PBXBuildFile; fileRef = 76EBA4C025140F990059C25B /* WordsFilter.swift */; };
		76EBA4CB251424BC0059C25B /* WordsFilterTests.swift in Sources */ = {isa = PBXBuildFile; fileRef = 76EBA4CA251424BC0059C25B /* WordsFilterTests.swift */; };
/* End PBXBuildFile section */

/* Begin PBXContainerItemProxy section */
		767EAFBA250FED83005CF533 /* PBXContainerItemProxy */ = {
			isa = PBXContainerItemProxy;
			containerPortal = 767EAF88250FDD4E005CF533 /* Project object */;
			proxyType = 1;
			remoteGlobalIDString = 767EAF8F250FDD4E005CF533;
			remoteInfo = Kanji100;
		};
/* End PBXContainerItemProxy section */

/* Begin PBXFileReference section */
		7624D95225179FC4002D0FE2 /* FavoriteScreenViewController.swift */ = {isa = PBXFileReference; lastKnownFileType = sourcecode.swift; path = FavoriteScreenViewController.swift; sourceTree = "<group>"; };
		7624D95325179FC4002D0FE2 /* FavoriteScreenViewController.xib */ = {isa = PBXFileReference; lastKnownFileType = file.xib; path = FavoriteScreenViewController.xib; sourceTree = "<group>"; };
		7624D9592517A013002D0FE2 /* FavoriteTableViewCell.swift */ = {isa = PBXFileReference; lastKnownFileType = sourcecode.swift; path = FavoriteTableViewCell.swift; sourceTree = "<group>"; };
		7624D95A2517A013002D0FE2 /* FavoriteTableViewCell.xib */ = {isa = PBXFileReference; lastKnownFileType = file.xib; path = FavoriteTableViewCell.xib; sourceTree = "<group>"; };
		76428B732513FBD000651F35 /* Word.swift */ = {isa = PBXFileReference; lastKnownFileType = sourcecode.swift; path = Word.swift; sourceTree = "<group>"; };
		76428B7B2513FC3F00651F35 /* Kanji.swift */ = {isa = PBXFileReference; lastKnownFileType = sourcecode.swift; path = Kanji.swift; sourceTree = "<group>"; };
		76428B802513FCBD00651F35 /* WordTests.swift */ = {isa = PBXFileReference; lastKnownFileType = sourcecode.swift; path = WordTests.swift; sourceTree = "<group>"; };
		767EAF90250FDD4E005CF533 /* Kanji100.app */ = {isa = PBXFileReference; explicitFileType = wrapper.application; includeInIndex = 0; path = Kanji100.app; sourceTree = BUILT_PRODUCTS_DIR; };
		767EAF93250FDD4E005CF533 /* AppDelegate.swift */ = {isa = PBXFileReference; lastKnownFileType = sourcecode.swift; path = AppDelegate.swift; sourceTree = "<group>"; };
		767EAF9C250FDD4F005CF533 /* Assets.xcassets */ = {isa = PBXFileReference; lastKnownFileType = folder.assetcatalog; path = Assets.xcassets; sourceTree = "<group>"; };
		767EAF9F250FDD4F005CF533 /* Base */ = {isa = PBXFileReference; lastKnownFileType = file.storyboard; name = Base; path = Base.lproj/LaunchScreen.storyboard; sourceTree = "<group>"; };
		767EAFA1250FDD4F005CF533 /* Info.plist */ = {isa = PBXFileReference; lastKnownFileType = text.plist.xml; path = Info.plist; sourceTree = "<group>"; };
		767EAFA7250FE043005CF533 /* Kanjis.swift */ = {isa = PBXFileReference; lastKnownFileType = sourcecode.swift; path = Kanjis.swift; sourceTree = "<group>"; };
		767EAFA9250FE1FA005CF533 /* jlptn5Kanjis.json */ = {isa = PBXFileReference; lastKnownFileType = text.json; path = jlptn5Kanjis.json; sourceTree = "<group>"; };
		767EAFAC250FEB5F005CF533 /* MainScreenViewController.swift */ = {isa = PBXFileReference; lastKnownFileType = sourcecode.swift; path = MainScreenViewController.swift; sourceTree = "<group>"; };
		767EAFB5250FED83005CF533 /* Kanji100Tests.xctest */ = {isa = PBXFileReference; explicitFileType = wrapper.cfbundle; includeInIndex = 0; path = Kanji100Tests.xctest; sourceTree = BUILT_PRODUCTS_DIR; };
		767EAFB7250FED83005CF533 /* Kanji100Tests.swift */ = {isa = PBXFileReference; lastKnownFileType = sourcecode.swift; path = Kanji100Tests.swift; sourceTree = "<group>"; };
		767EAFB9250FED83005CF533 /* Info.plist */ = {isa = PBXFileReference; lastKnownFileType = text.plist.xml; path = Info.plist; sourceTree = "<group>"; };
		767EAFC0250FEDEA005CF533 /* KanjiTests.swift */ = {isa = PBXFileReference; lastKnownFileType = sourcecode.swift; path = KanjiTests.swift; sourceTree = "<group>"; };
		767EAFC3250FEE46005CF533 /* KanjiJson.swift */ = {isa = PBXFileReference; lastKnownFileType = sourcecode.swift; path = KanjiJson.swift; sourceTree = "<group>"; };
		767EAFC625100FE0005CF533 /* KanjiTableViewCell.swift */ = {isa = PBXFileReference; lastKnownFileType = sourcecode.swift; path = KanjiTableViewCell.swift; sourceTree = "<group>"; };
		767EAFC725100FE0005CF533 /* KanjiTableViewCell.xib */ = {isa = PBXFileReference; lastKnownFileType = file.xib; path = KanjiTableViewCell.xib; sourceTree = "<group>"; };
		767EAFCB25101F48005CF533 /* AiharaHudemojiKaisho3.00.ttf */ = {isa = PBXFileReference; lastKnownFileType = file; path = AiharaHudemojiKaisho3.00.ttf; sourceTree = "<group>"; };
		767EAFCD25104326005CF533 /* KanjisRepository.swift */ = {isa = PBXFileReference; lastKnownFileType = sourcecode.swift; path = KanjisRepository.swift; sourceTree = "<group>"; };
		767EAFCF2511327F005CF533 /* MainScreenViewController.xib */ = {isa = PBXFileReference; lastKnownFileType = file.xib; path = MainScreenViewController.xib; sourceTree = "<group>"; };
		76A53E372515618A008DCAC6 /* PlaceholderTableViewCell.swift */ = {isa = PBXFileReference; lastKnownFileType = sourcecode.swift; path = PlaceholderTableViewCell.swift; sourceTree = "<group>"; };
		76A53E382515618A008DCAC6 /* PlaceholderTableViewCell.xib */ = {isa = PBXFileReference; lastKnownFileType = file.xib; path = PlaceholderTableViewCell.xib; sourceTree = "<group>"; };
		76EBA4C025140F990059C25B /* WordsFilter.swift */ = {isa = PBXFileReference; lastKnownFileType = sourcecode.swift; path = WordsFilter.swift; sourceTree = "<group>"; };
		76EBA4CA251424BC0059C25B /* WordsFilterTests.swift */ = {isa = PBXFileReference; lastKnownFileType = sourcecode.swift; path = WordsFilterTests.swift; sourceTree = "<group>"; };
/* End PBXFileReference section */

/* Begin PBXFrameworksBuildPhase section */
		767EAF8D250FDD4E005CF533 /* Frameworks */ = {
			isa = PBXFrameworksBuildPhase;
			buildActionMask = 2147483647;
			files = (
			);
			runOnlyForDeploymentPostprocessing = 0;
		};
		767EAFB2250FED83005CF533 /* Frameworks */ = {
			isa = PBXFrameworksBuildPhase;
			buildActionMask = 2147483647;
			files = (
			);
			runOnlyForDeploymentPostprocessing = 0;
		};
/* End PBXFrameworksBuildPhase section */

/* Begin PBXGroup section */
		7624D95125179FA4002D0FE2 /* FavoriteScreen */ = {
			isa = PBXGroup;
			children = (
				7624D95825179FE2002D0FE2 /* Cells */,
				7624D95225179FC4002D0FE2 /* FavoriteScreenViewController.swift */,
				7624D95325179FC4002D0FE2 /* FavoriteScreenViewController.xib */,
			);
			path = FavoriteScreen;
			sourceTree = "<group>";
		};
		7624D95825179FE2002D0FE2 /* Cells */ = {
			isa = PBXGroup;
			children = (
				7624D9592517A013002D0FE2 /* FavoriteTableViewCell.swift */,
				7624D95A2517A013002D0FE2 /* FavoriteTableViewCell.xib */,
			);
			path = Cells;
			sourceTree = "<group>";
		};
		76428B7F2513FC5200651F35 /* Repository */ = {
			isa = PBXGroup;
			children = (
				767EAFCD25104326005CF533 /* KanjisRepository.swift */,
			);
			path = Repository;
			sourceTree = "<group>";
		};
		767EAF87250FDD4E005CF533 = {
			isa = PBXGroup;
			children = (
				767EAF92250FDD4E005CF533 /* Kanji100 */,
				767EAFB6250FED83005CF533 /* Kanji100Tests */,
				767EAF91250FDD4E005CF533 /* Products */,
			);
			sourceTree = "<group>";
		};
		767EAF91250FDD4E005CF533 /* Products */ = {
			isa = PBXGroup;
			children = (
				767EAF90250FDD4E005CF533 /* Kanji100.app */,
				767EAFB5250FED83005CF533 /* Kanji100Tests.xctest */,
			);
			name = Products;
			sourceTree = "<group>";
		};
		767EAF92250FDD4E005CF533 /* Kanji100 */ = {
			isa = PBXGroup;
			children = (
				7624D95125179FA4002D0FE2 /* FavoriteScreen */,
				76428B7F2513FC5200651F35 /* Repository */,
				767EAFCA25101F1E005CF533 /* Resources */,
				767EAFB0250FECEA005CF533 /* MainScreen */,
				767EAFAB250FE953005CF533 /* DataModels */,
				767EAF93250FDD4E005CF533 /* AppDelegate.swift */,
				767EAF9C250FDD4F005CF533 /* Assets.xcassets */,
				767EAF9E250FDD4F005CF533 /* LaunchScreen.storyboard */,
				767EAFA1250FDD4F005CF533 /* Info.plist */,
			);
			path = Kanji100;
			sourceTree = "<group>";
		};
		767EAFAB250FE953005CF533 /* DataModels */ = {
			isa = PBXGroup;
			children = (
				767EAFA7250FE043005CF533 /* Kanjis.swift */,
				76428B7B2513FC3F00651F35 /* Kanji.swift */,
				76428B732513FBD000651F35 /* Word.swift */,
				76EBA4C025140F990059C25B /* WordsFilter.swift */,
			);
			path = DataModels;
			sourceTree = "<group>";
		};
		767EAFB0250FECEA005CF533 /* MainScreen */ = {
			isa = PBXGroup;
			children = (
				767EAFC525100FB9005CF533 /* Cells */,
				767EAFAC250FEB5F005CF533 /* MainScreenViewController.swift */,
				767EAFCF2511327F005CF533 /* MainScreenViewController.xib */,
			);
			path = MainScreen;
			sourceTree = "<group>";
		};
		767EAFB6250FED83005CF533 /* Kanji100Tests */ = {
			isa = PBXGroup;
			children = (
				767EAFC2250FEE2E005CF533 /* Helpers */,
				767EAFBF250FEDAB005CF533 /* Model */,
				767EAFB7250FED83005CF533 /* Kanji100Tests.swift */,
				767EAFB9250FED83005CF533 /* Info.plist */,
			);
			path = Kanji100Tests;
			sourceTree = "<group>";
		};
		767EAFBF250FEDAB005CF533 /* Model */ = {
			isa = PBXGroup;
			children = (
				767EAFC0250FEDEA005CF533 /* KanjiTests.swift */,
				76EBA4CA251424BC0059C25B /* WordsFilterTests.swift */,
				76428B802513FCBD00651F35 /* WordTests.swift */,
			);
			path = Model;
			sourceTree = "<group>";
		};
		767EAFC2250FEE2E005CF533 /* Helpers */ = {
			isa = PBXGroup;
			children = (
				767EAFC3250FEE46005CF533 /* KanjiJson.swift */,
			);
			path = Helpers;
			sourceTree = "<group>";
		};
		767EAFC525100FB9005CF533 /* Cells */ = {
			isa = PBXGroup;
			children = (
				767EAFC625100FE0005CF533 /* KanjiTableViewCell.swift */,
				767EAFC725100FE0005CF533 /* KanjiTableViewCell.xib */,
				76A53E372515618A008DCAC6 /* PlaceholderTableViewCell.swift */,
				76A53E382515618A008DCAC6 /* PlaceholderTableViewCell.xib */,
			);
			path = Cells;
			sourceTree = "<group>";
		};
		767EAFCA25101F1E005CF533 /* Resources */ = {
			isa = PBXGroup;
			children = (
				767EAFA9250FE1FA005CF533 /* jlptn5Kanjis.json */,
				767EAFCB25101F48005CF533 /* AiharaHudemojiKaisho3.00.ttf */,
			);
			path = Resources;
			sourceTree = "<group>";
		};
/* End PBXGroup section */

/* Begin PBXNativeTarget section */
		767EAF8F250FDD4E005CF533 /* Kanji100 */ = {
			isa = PBXNativeTarget;
			buildConfigurationList = 767EAFA4250FDD4F005CF533 /* Build configuration list for PBXNativeTarget "Kanji100" */;
			buildPhases = (
				767EAF8C250FDD4E005CF533 /* Sources */,
				767EAF8D250FDD4E005CF533 /* Frameworks */,
				767EAF8E250FDD4E005CF533 /* Resources */,
			);
			buildRules = (
			);
			dependencies = (
			);
			name = Kanji100;
			productName = Kanji100;
			productReference = 767EAF90250FDD4E005CF533 /* Kanji100.app */;
			productType = "com.apple.product-type.application";
		};
		767EAFB4250FED83005CF533 /* Kanji100Tests */ = {
			isa = PBXNativeTarget;
			buildConfigurationList = 767EAFBC250FED83005CF533 /* Build configuration list for PBXNativeTarget "Kanji100Tests" */;
			buildPhases = (
				767EAFB1250FED83005CF533 /* Sources */,
				767EAFB2250FED83005CF533 /* Frameworks */,
				767EAFB3250FED83005CF533 /* Resources */,
			);
			buildRules = (
			);
			dependencies = (
				767EAFBB250FED83005CF533 /* PBXTargetDependency */,
			);
			name = Kanji100Tests;
			productName = Kanji100Tests;
			productReference = 767EAFB5250FED83005CF533 /* Kanji100Tests.xctest */;
			productType = "com.apple.product-type.bundle.unit-test";
		};
/* End PBXNativeTarget section */

/* Begin PBXProject section */
		767EAF88250FDD4E005CF533 /* Project object */ = {
			isa = PBXProject;
			attributes = {
				LastSwiftUpdateCheck = 1170;
				LastUpgradeCheck = 1200;
				ORGANIZATIONNAME = "Jéssica Trindade";
				TargetAttributes = {
					767EAF8F250FDD4E005CF533 = {
						CreatedOnToolsVersion = 11.7;
					};
					767EAFB4250FED83005CF533 = {
						CreatedOnToolsVersion = 11.7;
						TestTargetID = 767EAF8F250FDD4E005CF533;
					};
				};
			};
			buildConfigurationList = 767EAF8B250FDD4E005CF533 /* Build configuration list for PBXProject "Kanji100" */;
			compatibilityVersion = "Xcode 9.3";
			developmentRegion = en;
			hasScannedForEncodings = 0;
			knownRegions = (
				en,
				Base,
			);
			mainGroup = 767EAF87250FDD4E005CF533;
			productRefGroup = 767EAF91250FDD4E005CF533 /* Products */;
			projectDirPath = "";
			projectRoot = "";
			targets = (
				767EAF8F250FDD4E005CF533 /* Kanji100 */,
				767EAFB4250FED83005CF533 /* Kanji100Tests */,
			);
		};
/* End PBXProject section */

/* Begin PBXResourcesBuildPhase section */
		767EAF8E250FDD4E005CF533 /* Resources */ = {
			isa = PBXResourcesBuildPhase;
			buildActionMask = 2147483647;
			files = (
				7624D95525179FC5002D0FE2 /* FavoriteScreenViewController.xib in Resources */,
				767EAFA0250FDD4F005CF533 /* LaunchScreen.storyboard in Resources */,
				767EAFCC25101F49005CF533 /* AiharaHudemojiKaisho3.00.ttf in Resources */,
				767EAF9D250FDD4F005CF533 /* Assets.xcassets in Resources */,
				767EAFC925100FE0005CF533 /* KanjiTableViewCell.xib in Resources */,
				7624D95C2517A013002D0FE2 /* FavoriteTableViewCell.xib in Resources */,
				76A53E3A2515618A008DCAC6 /* PlaceholderTableViewCell.xib in Resources */,
				767EAFAA250FE1FA005CF533 /* jlptn5Kanjis.json in Resources */,
				767EAFD02511327F005CF533 /* MainScreenViewController.xib in Resources */,
			);
			runOnlyForDeploymentPostprocessing = 0;
		};
		767EAFB3250FED83005CF533 /* Resources */ = {
			isa = PBXResourcesBuildPhase;
			buildActionMask = 2147483647;
			files = (
			);
			runOnlyForDeploymentPostprocessing = 0;
		};
/* End PBXResourcesBuildPhase section */

/* Begin PBXSourcesBuildPhase section */
		767EAF8C250FDD4E005CF533 /* Sources */ = {
			isa = PBXSourcesBuildPhase;
			buildActionMask = 2147483647;
			files = (
				767EAFA8250FE043005CF533 /* Kanjis.swift in Sources */,
				76EBA4C125140F990059C25B /* WordsFilter.swift in Sources */,
				7624D95425179FC5002D0FE2 /* FavoriteScreenViewController.swift in Sources */,
				76428B742513FBD000651F35 /* Word.swift in Sources */,
				767EAFAE250FEB5F005CF533 /* MainScreenViewController.swift in Sources */,
				76428B7C2513FC3F00651F35 /* Kanji.swift in Sources */,
				767EAFC825100FE0005CF533 /* KanjiTableViewCell.swift in Sources */,
				76A53E392515618A008DCAC6 /* PlaceholderTableViewCell.swift in Sources */,
				767EAFCE25104326005CF533 /* KanjisRepository.swift in Sources */,
				767EAF94250FDD4E005CF533 /* AppDelegate.swift in Sources */,
				7624D95B2517A013002D0FE2 /* FavoriteTableViewCell.swift in Sources */,
			);
			runOnlyForDeploymentPostprocessing = 0;
		};
		767EAFB1250FED83005CF533 /* Sources */ = {
			isa = PBXSourcesBuildPhase;
			buildActionMask = 2147483647;
			files = (
				76EBA4CB251424BC0059C25B /* WordsFilterTests.swift in Sources */,
				767EAFC4250FEE46005CF533 /* KanjiJson.swift in Sources */,
				76428B812513FCBE00651F35 /* WordTests.swift in Sources */,
				767EAFB8250FED83005CF533 /* Kanji100Tests.swift in Sources */,
				767EAFC1250FEDEA005CF533 /* KanjiTests.swift in Sources */,
			);
			runOnlyForDeploymentPostprocessing = 0;
		};
/* End PBXSourcesBuildPhase section */

/* Begin PBXTargetDependency section */
		767EAFBB250FED83005CF533 /* PBXTargetDependency */ = {
			isa = PBXTargetDependency;
			target = 767EAF8F250FDD4E005CF533 /* Kanji100 */;
			targetProxy = 767EAFBA250FED83005CF533 /* PBXContainerItemProxy */;
		};
/* End PBXTargetDependency section */

/* Begin PBXVariantGroup section */
		767EAF9E250FDD4F005CF533 /* LaunchScreen.storyboard */ = {
			isa = PBXVariantGroup;
			children = (
				767EAF9F250FDD4F005CF533 /* Base */,
			);
			name = LaunchScreen.storyboard;
			sourceTree = "<group>";
		};
/* End PBXVariantGroup section */

/* Begin XCBuildConfiguration section */
		767EAFA2250FDD4F005CF533 /* Debug */ = {
			isa = XCBuildConfiguration;
			buildSettings = {
				ALWAYS_SEARCH_USER_PATHS = NO;
				CLANG_ANALYZER_NONNULL = YES;
				CLANG_ANALYZER_NUMBER_OBJECT_CONVERSION = YES_AGGRESSIVE;
				CLANG_CXX_LANGUAGE_STANDARD = "gnu++14";
				CLANG_CXX_LIBRARY = "libc++";
				CLANG_ENABLE_MODULES = YES;
				CLANG_ENABLE_OBJC_ARC = YES;
				CLANG_ENABLE_OBJC_WEAK = YES;
				CLANG_WARN_BLOCK_CAPTURE_AUTORELEASING = YES;
				CLANG_WARN_BOOL_CONVERSION = YES;
				CLANG_WARN_COMMA = YES;
				CLANG_WARN_CONSTANT_CONVERSION = YES;
				CLANG_WARN_DEPRECATED_OBJC_IMPLEMENTATIONS = YES;
				CLANG_WARN_DIRECT_OBJC_ISA_USAGE = YES_ERROR;
				CLANG_WARN_DOCUMENTATION_COMMENTS = YES;
				CLANG_WARN_EMPTY_BODY = YES;
				CLANG_WARN_ENUM_CONVERSION = YES;
				CLANG_WARN_INFINITE_RECURSION = YES;
				CLANG_WARN_INT_CONVERSION = YES;
				CLANG_WARN_NON_LITERAL_NULL_CONVERSION = YES;
				CLANG_WARN_OBJC_IMPLICIT_RETAIN_SELF = YES;
				CLANG_WARN_OBJC_LITERAL_CONVERSION = YES;
				CLANG_WARN_OBJC_ROOT_CLASS = YES_ERROR;
				CLANG_WARN_QUOTED_INCLUDE_IN_FRAMEWORK_HEADER = YES;
				CLANG_WARN_RANGE_LOOP_ANALYSIS = YES;
				CLANG_WARN_STRICT_PROTOTYPES = YES;
				CLANG_WARN_SUSPICIOUS_MOVE = YES;
				CLANG_WARN_UNGUARDED_AVAILABILITY = YES_AGGRESSIVE;
				CLANG_WARN_UNREACHABLE_CODE = YES;
				CLANG_WARN__DUPLICATE_METHOD_MATCH = YES;
				COPY_PHASE_STRIP = NO;
				DEBUG_INFORMATION_FORMAT = dwarf;
				ENABLE_STRICT_OBJC_MSGSEND = YES;
				ENABLE_TESTABILITY = YES;
				GCC_C_LANGUAGE_STANDARD = gnu11;
				GCC_DYNAMIC_NO_PIC = NO;
				GCC_NO_COMMON_BLOCKS = YES;
				GCC_OPTIMIZATION_LEVEL = 0;
				GCC_PREPROCESSOR_DEFINITIONS = (
					"DEBUG=1",
					"$(inherited)",
				);
				GCC_WARN_64_TO_32_BIT_CONVERSION = YES;
				GCC_WARN_ABOUT_RETURN_TYPE = YES_ERROR;
				GCC_WARN_UNDECLARED_SELECTOR = YES;
				GCC_WARN_UNINITIALIZED_AUTOS = YES_AGGRESSIVE;
				GCC_WARN_UNUSED_FUNCTION = YES;
				GCC_WARN_UNUSED_VARIABLE = YES;
				IPHONEOS_DEPLOYMENT_TARGET = 13.7;
				MTL_ENABLE_DEBUG_INFO = INCLUDE_SOURCE;
				MTL_FAST_MATH = YES;
				ONLY_ACTIVE_ARCH = YES;
				SDKROOT = iphoneos;
				SWIFT_ACTIVE_COMPILATION_CONDITIONS = DEBUG;
				SWIFT_OPTIMIZATION_LEVEL = "-Onone";
			};
			name = Debug;
		};
		767EAFA3250FDD4F005CF533 /* Release */ = {
			isa = XCBuildConfiguration;
			buildSettings = {
				ALWAYS_SEARCH_USER_PATHS = NO;
				CLANG_ANALYZER_NONNULL = YES;
				CLANG_ANALYZER_NUMBER_OBJECT_CONVERSION = YES_AGGRESSIVE;
				CLANG_CXX_LANGUAGE_STANDARD = "gnu++14";
				CLANG_CXX_LIBRARY = "libc++";
				CLANG_ENABLE_MODULES = YES;
				CLANG_ENABLE_OBJC_ARC = YES;
				CLANG_ENABLE_OBJC_WEAK = YES;
				CLANG_WARN_BLOCK_CAPTURE_AUTORELEASING = YES;
				CLANG_WARN_BOOL_CONVERSION = YES;
				CLANG_WARN_COMMA = YES;
				CLANG_WARN_CONSTANT_CONVERSION = YES;
				CLANG_WARN_DEPRECATED_OBJC_IMPLEMENTATIONS = YES;
				CLANG_WARN_DIRECT_OBJC_ISA_USAGE = YES_ERROR;
				CLANG_WARN_DOCUMENTATION_COMMENTS = YES;
				CLANG_WARN_EMPTY_BODY = YES;
				CLANG_WARN_ENUM_CONVERSION = YES;
				CLANG_WARN_INFINITE_RECURSION = YES;
				CLANG_WARN_INT_CONVERSION = YES;
				CLANG_WARN_NON_LITERAL_NULL_CONVERSION = YES;
				CLANG_WARN_OBJC_IMPLICIT_RETAIN_SELF = YES;
				CLANG_WARN_OBJC_LITERAL_CONVERSION = YES;
				CLANG_WARN_OBJC_ROOT_CLASS = YES_ERROR;
				CLANG_WARN_QUOTED_INCLUDE_IN_FRAMEWORK_HEADER = YES;
				CLANG_WARN_RANGE_LOOP_ANALYSIS = YES;
				CLANG_WARN_STRICT_PROTOTYPES = YES;
				CLANG_WARN_SUSPICIOUS_MOVE = YES;
				CLANG_WARN_UNGUARDED_AVAILABILITY = YES_AGGRESSIVE;
				CLANG_WARN_UNREACHABLE_CODE = YES;
				CLANG_WARN__DUPLICATE_METHOD_MATCH = YES;
				COPY_PHASE_STRIP = NO;
				DEBUG_INFORMATION_FORMAT = "dwarf-with-dsym";
				ENABLE_NS_ASSERTIONS = NO;
				ENABLE_STRICT_OBJC_MSGSEND = YES;
				GCC_C_LANGUAGE_STANDARD = gnu11;
				GCC_NO_COMMON_BLOCKS = YES;
				GCC_WARN_64_TO_32_BIT_CONVERSION = YES;
				GCC_WARN_ABOUT_RETURN_TYPE = YES_ERROR;
				GCC_WARN_UNDECLARED_SELECTOR = YES;
				GCC_WARN_UNINITIALIZED_AUTOS = YES_AGGRESSIVE;
				GCC_WARN_UNUSED_FUNCTION = YES;
				GCC_WARN_UNUSED_VARIABLE = YES;
				IPHONEOS_DEPLOYMENT_TARGET = 13.7;
				MTL_ENABLE_DEBUG_INFO = NO;
				MTL_FAST_MATH = YES;
				SDKROOT = iphoneos;
				SWIFT_COMPILATION_MODE = wholemodule;
				SWIFT_OPTIMIZATION_LEVEL = "-O";
				VALIDATE_PRODUCT = YES;
			};
			name = Release;
		};
		767EAFA5250FDD4F005CF533 /* Debug */ = {
			isa = XCBuildConfiguration;
			buildSettings = {
				ASSETCATALOG_COMPILER_APPICON_NAME = AppIcon;
				CODE_SIGN_STYLE = Automatic;
				DEVELOPMENT_TEAM = L442N5GXM2;
				INFOPLIST_FILE = Kanji100/Info.plist;
				LD_RUNPATH_SEARCH_PATHS = (
					"$(inherited)",
					"@executable_path/Frameworks",
				);
				PRODUCT_BUNDLE_IDENTIFIER = trindade.jessica.Kanji100;
				PRODUCT_NAME = "$(TARGET_NAME)";
				SWIFT_VERSION = 5.0;
				TARGETED_DEVICE_FAMILY = "1,2";
			};
			name = Debug;
		};
		767EAFA6250FDD4F005CF533 /* Release */ = {
			isa = XCBuildConfiguration;
			buildSettings = {
				ASSETCATALOG_COMPILER_APPICON_NAME = AppIcon;
				CODE_SIGN_STYLE = Automatic;
				DEVELOPMENT_TEAM = L442N5GXM2;
				INFOPLIST_FILE = Kanji100/Info.plist;
				LD_RUNPATH_SEARCH_PATHS = (
					"$(inherited)",
					"@executable_path/Frameworks",
				);
				PRODUCT_BUNDLE_IDENTIFIER = trindade.jessica.Kanji100;
				PRODUCT_NAME = "$(TARGET_NAME)";
				SWIFT_VERSION = 5.0;
				TARGETED_DEVICE_FAMILY = "1,2";
			};
			name = Release;
		};
		767EAFBD250FED83005CF533 /* Debug */ = {
			isa = XCBuildConfiguration;
			buildSettings = {
				BUNDLE_LOADER = "$(TEST_HOST)";
				CODE_SIGN_STYLE = Automatic;
				DEVELOPMENT_TEAM = L442N5GXM2;
				INFOPLIST_FILE = Kanji100Tests/Info.plist;
				LD_RUNPATH_SEARCH_PATHS = (
					"$(inherited)",
					"@executable_path/Frameworks",
					"@loader_path/Frameworks",
				);
				PRODUCT_BUNDLE_IDENTIFIER = trindade.jessica.Kanji100Tests;
				PRODUCT_NAME = "$(TARGET_NAME)";
				SWIFT_VERSION = 5.0;
				TARGETED_DEVICE_FAMILY = "1,2";
				TEST_HOST = "$(BUILT_PRODUCTS_DIR)/Kanji100.app/Kanji100";
			};
			name = Debug;
		};
		767EAFBE250FED83005CF533 /* Release */ = {
			isa = XCBuildConfiguration;
			buildSettings = {
				BUNDLE_LOADER = "$(TEST_HOST)";
				CODE_SIGN_STYLE = Automatic;
				DEVELOPMENT_TEAM = L442N5GXM2;
				INFOPLIST_FILE = Kanji100Tests/Info.plist;
				LD_RUNPATH_SEARCH_PATHS = (
					"$(inherited)",
					"@executable_path/Frameworks",
					"@loader_path/Frameworks",
				);
				PRODUCT_BUNDLE_IDENTIFIER = trindade.jessica.Kanji100Tests;
				PRODUCT_NAME = "$(TARGET_NAME)";
				SWIFT_VERSION = 5.0;
				TARGETED_DEVICE_FAMILY = "1,2";
				TEST_HOST = "$(BUILT_PRODUCTS_DIR)/Kanji100.app/Kanji100";
			};
			name = Release;
		};
/* End XCBuildConfiguration section */

/* Begin XCConfigurationList section */
		767EAF8B250FDD4E005CF533 /* Build configuration list for PBXProject "Kanji100" */ = {
			isa = XCConfigurationList;
			buildConfigurations = (
				767EAFA2250FDD4F005CF533 /* Debug */,
				767EAFA3250FDD4F005CF533 /* Release */,
			);
			defaultConfigurationIsVisible = 0;
			defaultConfigurationName = Release;
		};
		767EAFA4250FDD4F005CF533 /* Build configuration list for PBXNativeTarget "Kanji100" */ = {
			isa = XCConfigurationList;
			buildConfigurations = (
				767EAFA5250FDD4F005CF533 /* Debug */,
				767EAFA6250FDD4F005CF533 /* Release */,
			);
			defaultConfigurationIsVisible = 0;
			defaultConfigurationName = Release;
		};
		767EAFBC250FED83005CF533 /* Build configuration list for PBXNativeTarget "Kanji100Tests" */ = {
			isa = XCConfigurationList;
			buildConfigurations = (
				767EAFBD250FED83005CF533 /* Debug */,
				767EAFBE250FED83005CF533 /* Release */,
			);
			defaultConfigurationIsVisible = 0;
			defaultConfigurationName = Release;
		};
/* End XCConfigurationList section */
	};
	rootObject = 767EAF88250FDD4E005CF533 /* Project object */;
}
